// !$*UTF8*$!
{
	archiveVersion = 1;
	classes = {
	};
	objectVersion = 50;
	objects = {

/* Begin PBXBuildFile section */
		18B883DA22D7B081008CD843 /* AppDelegate.swift in Sources */ = {isa = PBXBuildFile; fileRef = 18B883D922D7B081008CD843 /* AppDelegate.swift */; };
		18B883DC22D7B081008CD843 /* ViewController.swift in Sources */ = {isa = PBXBuildFile; fileRef = 18B883DB22D7B081008CD843 /* ViewController.swift */; };
		18B883DF22D7B081008CD843 /* Main.storyboard in Resources */ = {isa = PBXBuildFile; fileRef = 18B883DD22D7B081008CD843 /* Main.storyboard */; };
		18B883E222D7B081008CD843 /* aarushiFirstApp.xcdatamodeld in Sources */ = {isa = PBXBuildFile; fileRef = 18B883E022D7B081008CD843 /* aarushiFirstApp.xcdatamodeld */; };
		18B883E422D7B083008CD843 /* Assets.xcassets in Resources */ = {isa = PBXBuildFile; fileRef = 18B883E322D7B083008CD843 /* Assets.xcassets */; };
		18B883E722D7B083008CD843 /* LaunchScreen.storyboard in Resources */ = {isa = PBXBuildFile; fileRef = 18B883E522D7B083008CD843 /* LaunchScreen.storyboard */; };
		18B883F222D7B083008CD843 /* aarushiFirstAppTests.swift in Sources */ = {isa = PBXBuildFile; fileRef = 18B883F122D7B083008CD843 /* aarushiFirstAppTests.swift */; };
		18B883FD22D7B083008CD843 /* aarushiFirstAppUITests.swift in Sources */ = {isa = PBXBuildFile; fileRef = 18B883FC22D7B083008CD843 /* aarushiFirstAppUITests.swift */; };
/* End PBXBuildFile section */

/* Begin PBXContainerItemProxy section */
		18B883EE22D7B083008CD843 /* PBXContainerItemProxy */ = {
			isa = PBXContainerItemProxy;
			containerPortal = 18B883CE22D7B081008CD843 /* Project object */;
			proxyType = 1;
			remoteGlobalIDString = 18B883D522D7B081008CD843;
			remoteInfo = aarushiFirstApp;
		};
		18B883F922D7B083008CD843 /* PBXContainerItemProxy */ = {
			isa = PBXContainerItemProxy;
			containerPortal = 18B883CE22D7B081008CD843 /* Project object */;
			proxyType = 1;
			remoteGlobalIDString = 18B883D522D7B081008CD843;
			remoteInfo = aarushiFirstApp;
		};
/* End PBXContainerItemProxy section */

/* Begin PBXFileReference section */
		18B883D622D7B081008CD843 /* aarushiFirstApp.app */ = {isa = PBXFileReference; explicitFileType = wrapper.application; includeInIndex = 0; path = aarushiFirstApp.app; sourceTree = BUILT_PRODUCTS_DIR; };
		18B883D922D7B081008CD843 /* AppDelegate.swift */ = {isa = PBXFileReference; lastKnownFileType = sourcecode.swift; path = AppDelegate.swift; sourceTree = "<group>"; };
		18B883DB22D7B081008CD843 /* ViewController.swift */ = {isa = PBXFileReference; lastKnownFileType = sourcecode.swift; path = ViewController.swift; sourceTree = "<group>"; };
		18B883DE22D7B081008CD843 /* Base */ = {isa = PBXFileReference; lastKnownFileType = file.storyboard; name = Base; path = Base.lproj/Main.storyboard; sourceTree = "<group>"; };
		18B883E122D7B081008CD843 /* aarushiFirstApp.xcdatamodel */ = {isa = PBXFileReference; lastKnownFileType = wrapper.xcdatamodel; path = aarushiFirstApp.xcdatamodel; sourceTree = "<group>"; };
		18B883E322D7B083008CD843 /* Assets.xcassets */ = {isa = PBXFileReference; lastKnownFileType = folder.assetcatalog; path = Assets.xcassets; sourceTree = "<group>"; };
		18B883E622D7B083008CD843 /* Base */ = {isa = PBXFileReference; lastKnownFileType = file.storyboard; name = Base; path = Base.lproj/LaunchScreen.storyboard; sourceTree = "<group>"; };
		18B883E822D7B083008CD843 /* Info.plist */ = {isa = PBXFileReference; lastKnownFileType = text.plist.xml; path = Info.plist; sourceTree = "<group>"; };
		18B883ED22D7B083008CD843 /* aarushiFirstAppTests.xctest */ = {isa = PBXFileReference; explicitFileType = wrapper.cfbundle; includeInIndex = 0; path = aarushiFirstAppTests.xctest; sourceTree = BUILT_PRODUCTS_DIR; };
		18B883F122D7B083008CD843 /* aarushiFirstAppTests.swift */ = {isa = PBXFileReference; lastKnownFileType = sourcecode.swift; path = aarushiFirstAppTests.swift; sourceTree = "<group>"; };
		18B883F322D7B083008CD843 /* Info.plist */ = {isa = PBXFileReference; lastKnownFileType = text.plist.xml; path = Info.plist; sourceTree = "<group>"; };
		18B883F822D7B083008CD843 /* aarushiFirstAppUITests.xctest */ = {isa = PBXFileReference; explicitFileType = wrapper.cfbundle; includeInIndex = 0; path = aarushiFirstAppUITests.xctest; sourceTree = BUILT_PRODUCTS_DIR; };
		18B883FC22D7B083008CD843 /* aarushiFirstAppUITests.swift */ = {isa = PBXFileReference; lastKnownFileType = sourcecode.swift; path = aarushiFirstAppUITests.swift; sourceTree = "<group>"; };
		18B883FE22D7B083008CD843 /* Info.plist */ = {isa = PBXFileReference; lastKnownFileType = text.plist.xml; path = Info.plist; sourceTree = "<group>"; };
/* End PBXFileReference section */

/* Begin PBXFrameworksBuildPhase section */
		18B883D322D7B081008CD843 /* Frameworks */ = {
			isa = PBXFrameworksBuildPhase;
			buildActionMask = 2147483647;
			files = (
			);
			runOnlyForDeploymentPostprocessing = 0;
		};
		18B883EA22D7B083008CD843 /* Frameworks */ = {
			isa = PBXFrameworksBuildPhase;
			buildActionMask = 2147483647;
			files = (
			);
			runOnlyForDeploymentPostprocessing = 0;
		};
		18B883F522D7B083008CD843 /* Frameworks */ = {
			isa = PBXFrameworksBuildPhase;
			buildActionMask = 2147483647;
			files = (
			);
			runOnlyForDeploymentPostprocessing = 0;
		};
/* End PBXFrameworksBuildPhase section */

/* Begin PBXGroup section */
		18B883CD22D7B081008CD843 = {
			isa = PBXGroup;
			children = (
				18B883D822D7B081008CD843 /* aarushiFirstApp */,
				18B883F022D7B083008CD843 /* aarushiFirstAppTests */,
				18B883FB22D7B083008CD843 /* aarushiFirstAppUITests */,
				18B883D722D7B081008CD843 /* Products */,
			);
			sourceTree = "<group>";
		};
		18B883D722D7B081008CD843 /* Products */ = {
			isa = PBXGroup;
			children = (
				18B883D622D7B081008CD843 /* aarushiFirstApp.app */,
				18B883ED22D7B083008CD843 /* aarushiFirstAppTests.xctest */,
				18B883F822D7B083008CD843 /* aarushiFirstAppUITests.xctest */,
			);
			name = Products;
			sourceTree = "<group>";
		};
		18B883D822D7B081008CD843 /* aarushiFirstApp */ = {
			isa = PBXGroup;
			children = (
				18B883D922D7B081008CD843 /* AppDelegate.swift */,
				18B883DB22D7B081008CD843 /* ViewController.swift */,
				18B883DD22D7B081008CD843 /* Main.storyboard */,
				18B883E322D7B083008CD843 /* Assets.xcassets */,
				18B883E522D7B083008CD843 /* LaunchScreen.storyboard */,
				18B883E822D7B083008CD843 /* Info.plist */,
				18B883E022D7B081008CD843 /* aarushiFirstApp.xcdatamodeld */,
			);
			path = aarushiFirstApp;
			sourceTree = "<group>";
		};
		18B883F022D7B083008CD843 /* aarushiFirstAppTests */ = {
			isa = PBXGroup;
			children = (
				18B883F122D7B083008CD843 /* aarushiFirstAppTests.swift */,
				18B883F322D7B083008CD843 /* Info.plist */,
			);
			path = aarushiFirstAppTests;
			sourceTree = "<group>";
		};
		18B883FB22D7B083008CD843 /* aarushiFirstAppUITests */ = {
			isa = PBXGroup;
			children = (
				18B883FC22D7B083008CD843 /* aarushiFirstAppUITests.swift */,
				18B883FE22D7B083008CD843 /* Info.plist */,
			);
			path = aarushiFirstAppUITests;
			sourceTree = "<group>";
		};
/* End PBXGroup section */

/* Begin PBXNativeTarget section */
		18B883D522D7B081008CD843 /* aarushiFirstApp */ = {
			isa = PBXNativeTarget;
			buildConfigurationList = 18B8840122D7B083008CD843 /* Build configuration list for PBXNativeTarget "aarushiFirstApp" */;
			buildPhases = (
				18B883D222D7B081008CD843 /* Sources */,
				18B883D322D7B081008CD843 /* Frameworks */,
				18B883D422D7B081008CD843 /* Resources */,
			);
			buildRules = (
			);
			dependencies = (
			);
			name = aarushiFirstApp;
			productName = aarushiFirstApp;
			productReference = 18B883D622D7B081008CD843 /* aarushiFirstApp.app */;
			productType = "com.apple.product-type.application";
		};
		18B883EC22D7B083008CD843 /* aarushiFirstAppTests */ = {
			isa = PBXNativeTarget;
			buildConfigurationList = 18B8840422D7B083008CD843 /* Build configuration list for PBXNativeTarget "aarushiFirstAppTests" */;
			buildPhases = (
				18B883E922D7B083008CD843 /* Sources */,
				18B883EA22D7B083008CD843 /* Frameworks */,
				18B883EB22D7B083008CD843 /* Resources */,
			);
			buildRules = (
			);
			dependencies = (
				18B883EF22D7B083008CD843 /* PBXTargetDependency */,
			);
			name = aarushiFirstAppTests;
			productName = aarushiFirstAppTests;
			productReference = 18B883ED22D7B083008CD843 /* aarushiFirstAppTests.xctest */;
			productType = "com.apple.product-type.bundle.unit-test";
		};
		18B883F722D7B083008CD843 /* aarushiFirstAppUITests */ = {
			isa = PBXNativeTarget;
			buildConfigurationList = 18B8840722D7B083008CD843 /* Build configuration list for PBXNativeTarget "aarushiFirstAppUITests" */;
			buildPhases = (
				18B883F422D7B083008CD843 /* Sources */,
				18B883F522D7B083008CD843 /* Frameworks */,
				18B883F622D7B083008CD843 /* Resources */,
			);
			buildRules = (
			);
			dependencies = (
				18B883FA22D7B083008CD843 /* PBXTargetDependency */,
			);
			name = aarushiFirstAppUITests;
			productName = aarushiFirstAppUITests;
			productReference = 18B883F822D7B083008CD843 /* aarushiFirstAppUITests.xctest */;
			productType = "com.apple.product-type.bundle.ui-testing";
		};
/* End PBXNativeTarget section */

/* Begin PBXProject section */
		18B883CE22D7B081008CD843 /* Project object */ = {
			isa = PBXProject;
			attributes = {
				LastSwiftUpdateCheck = 1020;
				LastUpgradeCheck = 1020;
				ORGANIZATIONNAME = Apple;
				TargetAttributes = {
					18B883D522D7B081008CD843 = {
						CreatedOnToolsVersion = 10.2.1;
					};
					18B883EC22D7B083008CD843 = {
						CreatedOnToolsVersion = 10.2.1;
						TestTargetID = 18B883D522D7B081008CD843;
					};
					18B883F722D7B083008CD843 = {
						CreatedOnToolsVersion = 10.2.1;
						TestTargetID = 18B883D522D7B081008CD843;
					};
				};
			};
			buildConfigurationList = 18B883D122D7B081008CD843 /* Build configuration list for PBXProject "aarushiFirstApp" */;
			compatibilityVersion = "Xcode 9.3";
			developmentRegion = en;
			hasScannedForEncodings = 0;
			knownRegions = (
				en,
				Base,
			);
			mainGroup = 18B883CD22D7B081008CD843;
			productRefGroup = 18B883D722D7B081008CD843 /* Products */;
			projectDirPath = "";
			projectRoot = "";
			targets = (
				18B883D522D7B081008CD843 /* aarushiFirstApp */,
				18B883EC22D7B083008CD843 /* aarushiFirstAppTests */,
				18B883F722D7B083008CD843 /* aarushiFirstAppUITests */,
			);
		};
/* End PBXProject section */

/* Begin PBXResourcesBuildPhase section */
		18B883D422D7B081008CD843 /* Resources */ = {
			isa = PBXResourcesBuildPhase;
			buildActionMask = 2147483647;
			files = (
				18B883E722D7B083008CD843 /* LaunchScreen.storyboard in Resources */,
				18B883E422D7B083008CD843 /* Assets.xcassets in Resources */,
				18B883DF22D7B081008CD843 /* Main.storyboard in Resources */,
			);
			runOnlyForDeploymentPostprocessing = 0;
		};
		18B883EB22D7B083008CD843 /* Resources */ = {
			isa = PBXResourcesBuildPhase;
			buildActionMask = 2147483647;
			files = (
			);
			runOnlyForDeploymentPostprocessing = 0;
		};
		18B883F622D7B083008CD843 /* Resources */ = {
			isa = PBXResourcesBuildPhase;
			buildActionMask = 2147483647;
			files = (
			);
			runOnlyForDeploymentPostprocessing = 0;
		};
/* End PBXResourcesBuildPhase section */

/* Begin PBXSourcesBuildPhase section */
		18B883D222D7B081008CD843 /* Sources */ = {
			isa = PBXSourcesBuildPhase;
			buildActionMask = 2147483647;
			files = (
				18B883DC22D7B081008CD843 /* ViewController.swift in Sources */,
				18B883E222D7B081008CD843 /* aarushiFirstApp.xcdatamodeld in Sources */,
				18B883DA22D7B081008CD843 /* AppDelegate.swift in Sources */,
			);
			runOnlyForDeploymentPostprocessing = 0;
		};
		18B883E922D7B083008CD843 /* Sources */ = {
			isa = PBXSourcesBuildPhase;
			buildActionMask = 2147483647;
			files = (
				18B883F222D7B083008CD843 /* aarushiFirstAppTests.swift in Sources */,
			);
			runOnlyForDeploymentPostprocessing = 0;
		};
		18B883F422D7B083008CD843 /* Sources */ = {
			isa = PBXSourcesBuildPhase;
			buildActionMask = 2147483647;
			files = (
				18B883FD22D7B083008CD843 /* aarushiFirstAppUITests.swift in Sources */,
			);
			runOnlyForDeploymentPostprocessing = 0;
		};
/* End PBXSourcesBuildPhase section */

/* Begin PBXTargetDependency section */
		18B883EF22D7B083008CD843 /* PBXTargetDependency */ = {
			isa = PBXTargetDependency;
			target = 18B883D522D7B081008CD843 /* aarushiFirstApp */;
			targetProxy = 18B883EE22D7B083008CD843 /* PBXContainerItemProxy */;
		};
		18B883FA22D7B083008CD843 /* PBXTargetDependency */ = {
			isa = PBXTargetDependency;
			target = 18B883D522D7B081008CD843 /* aarushiFirstApp */;
			targetProxy = 18B883F922D7B083008CD843 /* PBXContainerItemProxy */;
		};
/* End PBXTargetDependency section */

/* Begin PBXVariantGroup section */
		18B883DD22D7B081008CD843 /* Main.storyboard */ = {
			isa = PBXVariantGroup;
			children = (
				18B883DE22D7B081008CD843 /* Base */,
			);
			name = Main.storyboard;
			sourceTree = "<group>";
		};
		18B883E522D7B083008CD843 /* LaunchScreen.storyboard */ = {
			isa = PBXVariantGroup;
			children = (
				18B883E622D7B083008CD843 /* Base */,
			);
			name = LaunchScreen.storyboard;
			sourceTree = "<group>";
		};
/* End PBXVariantGroup section */

/* Begin XCBuildConfiguration section */
		18B883FF22D7B083008CD843 /* Debug */ = {
			isa = XCBuildConfiguration;
			buildSettings = {
				ALWAYS_SEARCH_USER_PATHS = NO;
				CLANG_ANALYZER_NONNULL = YES;
				CLANG_ANALYZER_NUMBER_OBJECT_CONVERSION = YES_AGGRESSIVE;
				CLANG_CXX_LANGUAGE_STANDARD = "gnu++14";
				CLANG_CXX_LIBRARY = "libc++";
				CLANG_ENABLE_MODULES = YES;
				CLANG_ENABLE_OBJC_ARC = YES;
				CLANG_ENABLE_OBJC_WEAK = YES;
				CLANG_WARN_BLOCK_CAPTURE_AUTORELEASING = YES;
				CLANG_WARN_BOOL_CONVERSION = YES;
				CLANG_WARN_COMMA = YES;
				CLANG_WARN_CONSTANT_CONVERSION = YES;
				CLANG_WARN_DEPRECATED_OBJC_IMPLEMENTATIONS = YES;
				CLANG_WARN_DIRECT_OBJC_ISA_USAGE = YES_ERROR;
				CLANG_WARN_DOCUMENTATION_COMMENTS = YES;
				CLANG_WARN_EMPTY_BODY = YES;
				CLANG_WARN_ENUM_CONVERSION = YES;
				CLANG_WARN_INFINITE_RECURSION = YES;
				CLANG_WARN_INT_CONVERSION = YES;
				CLANG_WARN_NON_LITERAL_NULL_CONVERSION = YES;
				CLANG_WARN_OBJC_IMPLICIT_RETAIN_SELF = YES;
				CLANG_WARN_OBJC_LITERAL_CONVERSION = YES;
				CLANG_WARN_OBJC_ROOT_CLASS = YES_ERROR;
				CLANG_WARN_RANGE_LOOP_ANALYSIS = YES;
				CLANG_WARN_STRICT_PROTOTYPES = YES;
				CLANG_WARN_SUSPICIOUS_MOVE = YES;
				CLANG_WARN_UNGUARDED_AVAILABILITY = YES_AGGRESSIVE;
				CLANG_WARN_UNREACHABLE_CODE = YES;
				CLANG_WARN__DUPLICATE_METHOD_MATCH = YES;
				CODE_SIGN_IDENTITY = "iPhone Developer";
				COPY_PHASE_STRIP = NO;
				DEBUG_INFORMATION_FORMAT = dwarf;
				ENABLE_STRICT_OBJC_MSGSEND = YES;
				ENABLE_TESTABILITY = YES;
				GCC_C_LANGUAGE_STANDARD = gnu11;
				GCC_DYNAMIC_NO_PIC = NO;
				GCC_NO_COMMON_BLOCKS = YES;
				GCC_OPTIMIZATION_LEVEL = 0;
				GCC_PREPROCESSOR_DEFINITIONS = (
					"DEBUG=1",
					"$(inherited)",
				);
				GCC_WARN_64_TO_32_BIT_CONVERSION = YES;
				GCC_WARN_ABOUT_RETURN_TYPE = YES_ERROR;
				GCC_WARN_UNDECLARED_SELECTOR = YES;
				GCC_WARN_UNINITIALIZED_AUTOS = YES_AGGRESSIVE;
				GCC_WARN_UNUSED_FUNCTION = YES;
				GCC_WARN_UNUSED_VARIABLE = YES;
				IPHONEOS_DEPLOYMENT_TARGET = 12.2;
				MTL_ENABLE_DEBUG_INFO = INCLUDE_SOURCE;
				MTL_FAST_MATH = YES;
				ONLY_ACTIVE_ARCH = YES;
				SDKROOT = iphoneos;
				SWIFT_ACTIVE_COMPILATION_CONDITIONS = DEBUG;
				SWIFT_OPTIMIZATION_LEVEL = "-Onone";
			};
			name = Debug;
		};
		18B8840022D7B083008CD843 /* Release */ = {
			isa = XCBuildConfiguration;
			buildSettings = {
				ALWAYS_SEARCH_USER_PATHS = NO;
				CLANG_ANALYZER_NONNULL = YES;
				CLANG_ANALYZER_NUMBER_OBJECT_CONVERSION = YES_AGGRESSIVE;
				CLANG_CXX_LANGUAGE_STANDARD = "gnu++14";
				CLANG_CXX_LIBRARY = "libc++";
				CLANG_ENABLE_MODULES = YES;
				CLANG_ENABLE_OBJC_ARC = YES;
				CLANG_ENABLE_OBJC_WEAK = YES;
				CLANG_WARN_BLOCK_CAPTURE_AUTORELEASING = YES;
				CLANG_WARN_BOOL_CONVERSION = YES;
				CLANG_WARN_COMMA = YES;
				CLANG_WARN_CONSTANT_CONVERSION = YES;
				CLANG_WARN_DEPRECATED_OBJC_IMPLEMENTATIONS = YES;
				CLANG_WARN_DIRECT_OBJC_ISA_USAGE = YES_ERROR;
				CLANG_WARN_DOCUMENTATION_COMMENTS = YES;
				CLANG_WARN_EMPTY_BODY = YES;
				CLANG_WARN_ENUM_CONVERSION = YES;
				CLANG_WARN_INFINITE_RECURSION = YES;
				CLANG_WARN_INT_CONVERSION = YES;
				CLANG_WARN_NON_LITERAL_NULL_CONVERSION = YES;
				CLANG_WARN_OBJC_IMPLICIT_RETAIN_SELF = YES;
				CLANG_WARN_OBJC_LITERAL_CONVERSION = YES;
				CLANG_WARN_OBJC_ROOT_CLASS = YES_ERROR;
				CLANG_WARN_RANGE_LOOP_ANALYSIS = YES;
				CLANG_WARN_STRICT_PROTOTYPES = YES;
				CLANG_WARN_SUSPICIOUS_MOVE = YES;
				CLANG_WARN_UNGUARDED_AVAILABILITY = YES_AGGRESSIVE;
				CLANG_WARN_UNREACHABLE_CODE = YES;
				CLANG_WARN__DUPLICATE_METHOD_MATCH = YES;
				CODE_SIGN_IDENTITY = "iPhone Developer";
				COPY_PHASE_STRIP = NO;
				DEBUG_INFORMATION_FORMAT = "dwarf-with-dsym";
				ENABLE_NS_ASSERTIONS = NO;
				ENABLE_STRICT_OBJC_MSGSEND = YES;
				GCC_C_LANGUAGE_STANDARD = gnu11;
				GCC_NO_COMMON_BLOCKS = YES;
				GCC_WARN_64_TO_32_BIT_CONVERSION = YES;
				GCC_WARN_ABOUT_RETURN_TYPE = YES_ERROR;
				GCC_WARN_UNDECLARED_SELECTOR = YES;
				GCC_WARN_UNINITIALIZED_AUTOS = YES_AGGRESSIVE;
				GCC_WARN_UNUSED_FUNCTION = YES;
				GCC_WARN_UNUSED_VARIABLE = YES;
				IPHONEOS_DEPLOYMENT_TARGET = 12.2;
				MTL_ENABLE_DEBUG_INFO = NO;
				MTL_FAST_MATH = YES;
				SDKROOT = iphoneos;
				SWIFT_COMPILATION_MODE = wholemodule;
				SWIFT_OPTIMIZATION_LEVEL = "-O";
				VALIDATE_PRODUCT = YES;
			};
			name = Release;
		};
		18B8840222D7B083008CD843 /* Debug */ = {
			isa = XCBuildConfiguration;
			buildSettings = {
				ASSETCATALOG_COMPILER_APPICON_NAME = AppIcon;
				CODE_SIGN_STYLE = Automatic;
				DEVELOPMENT_TEAM = V94WXDA8HT;
				INFOPLIST_FILE = aarushiFirstApp/Info.plist;
				LD_RUNPATH_SEARCH_PATHS = (
					"$(inherited)",
					"@executable_path/Frameworks",
				);
				PRODUCT_BUNDLE_IDENTIFIER = "Grace-Govan.aarushiFirstApp";
				PRODUCT_NAME = "$(TARGET_NAME)";
				SWIFT_VERSION = 5.0;
				TARGETED_DEVICE_FAMILY = "1,2";
			};
			name = Debug;
		};
		18B8840322D7B083008CD843 /* Release */ = {
			isa = XCBuildConfiguration;
			buildSettings = {
				ASSETCATALOG_COMPILER_APPICON_NAME = AppIcon;
				CODE_SIGN_STYLE = Automatic;
				DEVELOPMENT_TEAM = V94WXDA8HT;
				INFOPLIST_FILE = aarushiFirstApp/Info.plist;
				LD_RUNPATH_SEARCH_PATHS = (
					"$(inherited)",
					"@executable_path/Frameworks",
				);
				PRODUCT_BUNDLE_IDENTIFIER = "Grace-Govan.aarushiFirstApp";
				PRODUCT_NAME = "$(TARGET_NAME)";
				SWIFT_VERSION = 5.0;
				TARGETED_DEVICE_FAMILY = "1,2";
			};
			name = Release;
		};
		18B8840522D7B083008CD843 /* Debug */ = {
			isa = XCBuildConfiguration;
			buildSettings = {
				ALWAYS_EMBED_SWIFT_STANDARD_LIBRARIES = YES;
				BUNDLE_LOADER = "$(TEST_HOST)";
				CODE_SIGN_STYLE = Automatic;
				INFOPLIST_FILE = aarushiFirstAppTests/Info.plist;
				LD_RUNPATH_SEARCH_PATHS = (
					"$(inherited)",
					"@executable_path/Frameworks",
					"@loader_path/Frameworks",
				);
				PRODUCT_BUNDLE_IDENTIFIER = "Grace-Govan.aarushiFirstAppTests";
				PRODUCT_NAME = "$(TARGET_NAME)";
				SWIFT_VERSION = 5.0;
				TARGETED_DEVICE_FAMILY = "1,2";
				TEST_HOST = "$(BUILT_PRODUCTS_DIR)/aarushiFirstApp.app/aarushiFirstApp";
			};
			name = Debug;
		};
		18B8840622D7B083008CD843 /* Release */ = {
			isa = XCBuildConfiguration;
			buildSettings = {
				ALWAYS_EMBED_SWIFT_STANDARD_LIBRARIES = YES;
				BUNDLE_LOADER = "$(TEST_HOST)";
				CODE_SIGN_STYLE = Automatic;
				INFOPLIST_FILE = aarushiFirstAppTests/Info.plist;
				LD_RUNPATH_SEARCH_PATHS = (
					"$(inherited)",
					"@executable_path/Frameworks",
					"@loader_path/Frameworks",
				);
				PRODUCT_BUNDLE_IDENTIFIER = "Grace-Govan.aarushiFirstAppTests";
				PRODUCT_NAME = "$(TARGET_NAME)";
				SWIFT_VERSION = 5.0;
				TARGETED_DEVICE_FAMILY = "1,2";
				TEST_HOST = "$(BUILT_PRODUCTS_DIR)/aarushiFirstApp.app/aarushiFirstApp";
			};
			name = Release;
		};
		18B8840822D7B083008CD843 /* Debug */ = {
			isa = XCBuildConfiguration;
			buildSettings = {
				ALWAYS_EMBED_SWIFT_STANDARD_LIBRARIES = YES;
				CODE_SIGN_STYLE = Automatic;
				INFOPLIST_FILE = aarushiFirstAppUITests/Info.plist;
				LD_RUNPATH_SEARCH_PATHS = (
					"$(inherited)",
					"@executable_path/Frameworks",
					"@loader_path/Frameworks",
				);
				PRODUCT_BUNDLE_IDENTIFIER = "Grace-Govan.aarushiFirstAppUITests";
				PRODUCT_NAME = "$(TARGET_NAME)";
				SWIFT_VERSION = 5.0;
				TARGETED_DEVICE_FAMILY = "1,2";
				TEST_TARGET_NAME = aarushiFirstApp;
			};
			name = Debug;
		};
		18B8840922D7B083008CD843 /* Release */ = {
			isa = XCBuildConfiguration;
			buildSettings = {
				ALWAYS_EMBED_SWIFT_STANDARD_LIBRARIES = YES;
				CODE_SIGN_STYLE = Automatic;
				INFOPLIST_FILE = aarushiFirstAppUITests/Info.plist;
				LD_RUNPATH_SEARCH_PATHS = (
					"$(inherited)",
					"@executable_path/Frameworks",
					"@loader_path/Frameworks",
				);
				PRODUCT_BUNDLE_IDENTIFIER = "Grace-Govan.aarushiFirstAppUITests";
				PRODUCT_NAME = "$(TARGET_NAME)";
				SWIFT_VERSION = 5.0;
				TARGETED_DEVICE_FAMILY = "1,2";
				TEST_TARGET_NAME = aarushiFirstApp;
			};
			name = Release;
		};
/* End XCBuildConfiguration section */

/* Begin XCConfigurationList section */
		18B883D122D7B081008CD843 /* Build configuration list for PBXProject "aarushiFirstApp" */ = {
			isa = XCConfigurationList;
			buildConfigurations = (
				18B883FF22D7B083008CD843 /* Debug */,
				18B8840022D7B083008CD843 /* Release */,
			);
			defaultConfigurationIsVisible = 0;
			defaultConfigurationName = Release;
		};
		18B8840122D7B083008CD843 /* Build configuration list for PBXNativeTarget "aarushiFirstApp" */ = {
			isa = XCConfigurationList;
			buildConfigurations = (
				18B8840222D7B083008CD843 /* Debug */,
				18B8840322D7B083008CD843 /* Release */,
			);
			defaultConfigurationIsVisible = 0;
			defaultConfigurationName = Release;
		};
		18B8840422D7B083008CD843 /* Build configuration list for PBXNativeTarget "aarushiFirstAppTests" */ = {
			isa = XCConfigurationList;
			buildConfigurations = (
				18B8840522D7B083008CD843 /* Debug */,
				18B8840622D7B083008CD843 /* Release */,
			);
			defaultConfigurationIsVisible = 0;
			defaultConfigurationName = Release;
		};
		18B8840722D7B083008CD843 /* Build configuration list for PBXNativeTarget "aarushiFirstAppUITests" */ = {
			isa = XCConfigurationList;
			buildConfigurations = (
				18B8840822D7B083008CD843 /* Debug */,
				18B8840922D7B083008CD843 /* Release */,
			);
			defaultConfigurationIsVisible = 0;
			defaultConfigurationName = Release;
		};
/* End XCConfigurationList section */

/* Begin XCVersionGroup section */
		18B883E022D7B081008CD843 /* aarushiFirstApp.xcdatamodeld */ = {
			isa = XCVersionGroup;
			children = (
				18B883E122D7B081008CD843 /* aarushiFirstApp.xcdatamodel */,
			);
			currentVersion = 18B883E122D7B081008CD843 /* aarushiFirstApp.xcdatamodel */;
			path = aarushiFirstApp.xcdatamodeld;
			sourceTree = "<group>";
			versionGroupType = wrapper.xcdatamodel;
		};
/* End XCVersionGroup section */
	};
	rootObject = 18B883CE22D7B081008CD843 /* Project object */;
}
